// !$*UTF8*$!
{
	archiveVersion = 1;
	classes = {
	};
	objectVersion = 56;
	objects = {

/* Begin PBXBuildFile section */
		4931783D2B44591800975409 /* help_readerTests.swift in Sources */ = {isa = PBXBuildFile; fileRef = 4931783C2B44591800975409 /* help_readerTests.swift */; };
		493178452B457B0400975409 /* Localizable.strings in Resources */ = {isa = PBXBuildFile; fileRef = 493178472B457B0400975409 /* Localizable.strings */; };
		495E580E2A2DC6F200317548 /* Lottie in Frameworks */ = {isa = PBXBuildFile; productRef = 495E580D2A2DC6F200317548 /* Lottie */; };
		495E58102A2DC7CC00317548 /* LottieAnimations.swift in Sources */ = {isa = PBXBuildFile; fileRef = 495E580F2A2DC7CC00317548 /* LottieAnimations.swift */; };
		495E58192A2DCF4B00317548 /* acquire.json in Resources */ = {isa = PBXBuildFile; fileRef = 495E58182A2DCF4B00317548 /* acquire.json */; };
		495E581F2A2DD19000317548 /* applauso.json in Resources */ = {isa = PBXBuildFile; fileRef = 495E581E2A2DD19000317548 /* applauso.json */; };
		495E58222A2F1E8E00317548 /* personal-books.json in Resources */ = {isa = PBXBuildFile; fileRef = 495E58202A2F1E8E00317548 /* personal-books.json */; };
		495E58252A2F20B700317548 /* school-material.json in Resources */ = {isa = PBXBuildFile; fileRef = 495E58242A2F20B700317548 /* school-material.json */; };
		495E58272A2F2C1C00317548 /* school-material-animabile.json in Resources */ = {isa = PBXBuildFile; fileRef = 495E58262A2F2C1C00317548 /* school-material-animabile.json */; };
		495E58292A2F30E900317548 /* ModalView.swift in Sources */ = {isa = PBXBuildFile; fileRef = 495E58282A2F30E900317548 /* ModalView.swift */; };
		495E582B2A2F31D000317548 /* HistoryView.swift in Sources */ = {isa = PBXBuildFile; fileRef = 495E582A2A2F31D000317548 /* HistoryView.swift */; };
		495E582D2A2F31FF00317548 /* EnglishView.swift in Sources */ = {isa = PBXBuildFile; fileRef = 495E582C2A2F31FF00317548 /* EnglishView.swift */; };
		495E582F2A2F322900317548 /* ScienceView.swift in Sources */ = {isa = PBXBuildFile; fileRef = 495E582E2A2F322900317548 /* ScienceView.swift */; };
		495E58312A2F324A00317548 /* AddMore.swift in Sources */ = {isa = PBXBuildFile; fileRef = 495E58302A2F324A00317548 /* AddMore.swift */; };
		495E58332A2F436200317548 /* ScanResultView.swift in Sources */ = {isa = PBXBuildFile; fileRef = 495E58322A2F436200317548 /* ScanResultView.swift */; };
		4988A1AE2A1629EA000E049E /* HTMLView.swift in Sources */ = {isa = PBXBuildFile; fileRef = 4988A1AD2A1629EA000E049E /* HTMLView.swift */; };
		4988A1B22A249AA9000E049E /* MainViewModel.swift in Sources */ = {isa = PBXBuildFile; fileRef = 4988A1B12A249AA9000E049E /* MainViewModel.swift */; };
		49A1723C2A0E3F97009D7838 /* help_readerApp.swift in Sources */ = {isa = PBXBuildFile; fileRef = 49A1723B2A0E3F97009D7838 /* help_readerApp.swift */; };
		49A1723E2A0E3F97009D7838 /* MainView.swift in Sources */ = {isa = PBXBuildFile; fileRef = 49A1723D2A0E3F97009D7838 /* MainView.swift */; };
		49A172402A0E3F99009D7838 /* Assets.xcassets in Resources */ = {isa = PBXBuildFile; fileRef = 49A1723F2A0E3F99009D7838 /* Assets.xcassets */; };
		49A172432A0E3F99009D7838 /* Preview Assets.xcassets in Resources */ = {isa = PBXBuildFile; fileRef = 49A172422A0E3F99009D7838 /* Preview Assets.xcassets */; };
		49D0FE682A2B5FBF00B69F58 /* SF-Pro-Rounded-Bold.otf in Resources */ = {isa = PBXBuildFile; fileRef = 49D0FE672A2B5FBF00B69F58 /* SF-Pro-Rounded-Bold.otf */; };
		49D7EA172A39D1A600E44C49 /* ConvertedTextViewModel.swift in Sources */ = {isa = PBXBuildFile; fileRef = 49D7EA162A39D1A600E44C49 /* ConvertedTextViewModel.swift */; };
		49D7F18B2A3321850046617F /* CongratsView.swift in Sources */ = {isa = PBXBuildFile; fileRef = 49D7F18A2A3321850046617F /* CongratsView.swift */; };
		49D7F1942A36FC750046617F /* ConvertedTextView.swift in Sources */ = {isa = PBXBuildFile; fileRef = 49D7F1932A36FC750046617F /* ConvertedTextView.swift */; };
		49ED21542A24B85400CB7B04 /* CameraScanner.swift in Sources */ = {isa = PBXBuildFile; fileRef = 49ED21532A24B85400CB7B04 /* CameraScanner.swift */; };
		49ED21562A24B8A500CB7B04 /* CameraScannerViewController.swift in Sources */ = {isa = PBXBuildFile; fileRef = 49ED21552A24B8A500CB7B04 /* CameraScannerViewController.swift */; };
/* End PBXBuildFile section */

/* Begin PBXContainerItemProxy section */
		4931783E2B44591800975409 /* PBXContainerItemProxy */ = {
			isa = PBXContainerItemProxy;
			containerPortal = 49A172302A0E3F97009D7838 /* Project object */;
			proxyType = 1;
			remoteGlobalIDString = 49A172372A0E3F97009D7838;
			remoteInfo = "help reader";
		};
/* End PBXContainerItemProxy section */

/* Begin PBXFileReference section */
		4931783A2B44591800975409 /* help readerTests.xctest */ = {isa = PBXFileReference; explicitFileType = wrapper.cfbundle; includeInIndex = 0; path = "help readerTests.xctest"; sourceTree = BUILT_PRODUCTS_DIR; };
		4931783C2B44591800975409 /* help_readerTests.swift */ = {isa = PBXFileReference; lastKnownFileType = sourcecode.swift; path = help_readerTests.swift; sourceTree = "<group>"; };
		493178462B457B0400975409 /* en */ = {isa = PBXFileReference; lastKnownFileType = text.plist.strings; name = en; path = en.lproj/Localizable.strings; sourceTree = "<group>"; };
		493178482B457B0800975409 /* pt-BR */ = {isa = PBXFileReference; lastKnownFileType = text.plist.strings; name = "pt-BR"; path = "pt-BR.lproj/Localizable.strings"; sourceTree = "<group>"; };
		493178492B457BF900975409 /* it */ = {isa = PBXFileReference; lastKnownFileType = text.plist.strings; name = it; path = it.lproj/Localizable.strings; sourceTree = "<group>"; };
		495E580F2A2DC7CC00317548 /* LottieAnimations.swift */ = {isa = PBXFileReference; lastKnownFileType = sourcecode.swift; path = LottieAnimations.swift; sourceTree = "<group>"; };
		495E58182A2DCF4B00317548 /* acquire.json */ = {isa = PBXFileReference; fileEncoding = 4; lastKnownFileType = text.json; path = acquire.json; sourceTree = "<group>"; };
		495E581E2A2DD19000317548 /* applauso.json */ = {isa = PBXFileReference; fileEncoding = 4; lastKnownFileType = text.json; path = applauso.json; sourceTree = "<group>"; };
		495E58202A2F1E8E00317548 /* personal-books.json */ = {isa = PBXFileReference; fileEncoding = 4; lastKnownFileType = text.json; path = "personal-books.json"; sourceTree = "<group>"; };
		495E58242A2F20B700317548 /* school-material.json */ = {isa = PBXFileReference; fileEncoding = 4; lastKnownFileType = text.json; path = "school-material.json"; sourceTree = "<group>"; };
		495E58262A2F2C1C00317548 /* school-material-animabile.json */ = {isa = PBXFileReference; fileEncoding = 4; lastKnownFileType = text.json; path = "school-material-animabile.json"; sourceTree = "<group>"; };
		495E58282A2F30E900317548 /* ModalView.swift */ = {isa = PBXFileReference; lastKnownFileType = sourcecode.swift; path = ModalView.swift; sourceTree = "<group>"; };
		495E582A2A2F31D000317548 /* HistoryView.swift */ = {isa = PBXFileReference; lastKnownFileType = sourcecode.swift; path = HistoryView.swift; sourceTree = "<group>"; };
		495E582C2A2F31FF00317548 /* EnglishView.swift */ = {isa = PBXFileReference; lastKnownFileType = sourcecode.swift; path = EnglishView.swift; sourceTree = "<group>"; };
		495E582E2A2F322900317548 /* ScienceView.swift */ = {isa = PBXFileReference; lastKnownFileType = sourcecode.swift; path = ScienceView.swift; sourceTree = "<group>"; };
		495E58302A2F324A00317548 /* AddMore.swift */ = {isa = PBXFileReference; lastKnownFileType = sourcecode.swift; path = AddMore.swift; sourceTree = "<group>"; };
		495E58322A2F436200317548 /* ScanResultView.swift */ = {isa = PBXFileReference; lastKnownFileType = sourcecode.swift; path = ScanResultView.swift; sourceTree = "<group>"; };
		4988A1AD2A1629EA000E049E /* HTMLView.swift */ = {isa = PBXFileReference; lastKnownFileType = sourcecode.swift; path = HTMLView.swift; sourceTree = "<group>"; };
		4988A1B12A249AA9000E049E /* MainViewModel.swift */ = {isa = PBXFileReference; lastKnownFileType = sourcecode.swift; path = MainViewModel.swift; sourceTree = "<group>"; };
		49A172382A0E3F97009D7838 /* help reader.app */ = {isa = PBXFileReference; explicitFileType = wrapper.application; includeInIndex = 0; path = "help reader.app"; sourceTree = BUILT_PRODUCTS_DIR; };
		49A1723B2A0E3F97009D7838 /* help_readerApp.swift */ = {isa = PBXFileReference; lastKnownFileType = sourcecode.swift; path = help_readerApp.swift; sourceTree = "<group>"; };
		49A1723D2A0E3F97009D7838 /* MainView.swift */ = {isa = PBXFileReference; lastKnownFileType = sourcecode.swift; path = MainView.swift; sourceTree = "<group>"; };
		49A1723F2A0E3F99009D7838 /* Assets.xcassets */ = {isa = PBXFileReference; lastKnownFileType = folder.assetcatalog; path = Assets.xcassets; sourceTree = "<group>"; };
		49A172422A0E3F99009D7838 /* Preview Assets.xcassets */ = {isa = PBXFileReference; lastKnownFileType = folder.assetcatalog; path = "Preview Assets.xcassets"; sourceTree = "<group>"; };
		49D0FE662A2B178600B69F58 /* help-reader-Info.plist */ = {isa = PBXFileReference; lastKnownFileType = text.plist; path = "help-reader-Info.plist"; sourceTree = SOURCE_ROOT; };
		49D0FE672A2B5FBF00B69F58 /* SF-Pro-Rounded-Bold.otf */ = {isa = PBXFileReference; lastKnownFileType = file; path = "SF-Pro-Rounded-Bold.otf"; sourceTree = "<group>"; };
		49D7EA162A39D1A600E44C49 /* ConvertedTextViewModel.swift */ = {isa = PBXFileReference; lastKnownFileType = sourcecode.swift; path = ConvertedTextViewModel.swift; sourceTree = "<group>"; };
		49D7F18A2A3321850046617F /* CongratsView.swift */ = {isa = PBXFileReference; lastKnownFileType = sourcecode.swift; path = CongratsView.swift; sourceTree = "<group>"; };
		49D7F1932A36FC750046617F /* ConvertedTextView.swift */ = {isa = PBXFileReference; lastKnownFileType = sourcecode.swift; path = ConvertedTextView.swift; sourceTree = "<group>"; };
		49ED21532A24B85400CB7B04 /* CameraScanner.swift */ = {isa = PBXFileReference; lastKnownFileType = sourcecode.swift; path = CameraScanner.swift; sourceTree = "<group>"; };
		49ED21552A24B8A500CB7B04 /* CameraScannerViewController.swift */ = {isa = PBXFileReference; lastKnownFileType = sourcecode.swift; path = CameraScannerViewController.swift; sourceTree = "<group>"; };
/* End PBXFileReference section */

/* Begin PBXFrameworksBuildPhase section */
		493178372B44591800975409 /* Frameworks */ = {
			isa = PBXFrameworksBuildPhase;
			buildActionMask = 2147483647;
			files = (
			);
			runOnlyForDeploymentPostprocessing = 0;
		};
		49A172352A0E3F97009D7838 /* Frameworks */ = {
			isa = PBXFrameworksBuildPhase;
			buildActionMask = 2147483647;
			files = (
				495E580E2A2DC6F200317548 /* Lottie in Frameworks */,
			);
			runOnlyForDeploymentPostprocessing = 0;
		};
/* End PBXFrameworksBuildPhase section */

/* Begin PBXGroup section */
		4917CC552B3351BF0045815F /* Views */ = {
			isa = PBXGroup;
			children = (
				49ED21532A24B85400CB7B04 /* CameraScanner.swift */,
				49ED21552A24B8A500CB7B04 /* CameraScannerViewController.swift */,
				49D7F1932A36FC750046617F /* ConvertedTextView.swift */,
				49D7EA162A39D1A600E44C49 /* ConvertedTextViewModel.swift */,
				49A1723D2A0E3F97009D7838 /* MainView.swift */,
				4988A1B12A249AA9000E049E /* MainViewModel.swift */,
				49D7F18A2A3321850046617F /* CongratsView.swift */,
				495E58322A2F436200317548 /* ScanResultView.swift */,
				495E58282A2F30E900317548 /* ModalView.swift */,
				495E582A2A2F31D000317548 /* HistoryView.swift */,
				495E582C2A2F31FF00317548 /* EnglishView.swift */,
				495E582E2A2F322900317548 /* ScienceView.swift */,
				4988A1AD2A1629EA000E049E /* HTMLView.swift */,
			);
			path = Views;
			sourceTree = "<group>";
		};
		4917CC562B3351DD0045815F /* Models */ = {
			isa = PBXGroup;
			children = (
			);
			path = Models;
			sourceTree = "<group>";
		};
		4917CC572B3352B70045815F /* Utilities */ = {
			isa = PBXGroup;
			children = (
				495E58112A2DCBD200317548 /* Animations */,
				495E580F2A2DC7CC00317548 /* LottieAnimations.swift */,
			);
			path = Utilities;
			sourceTree = "<group>";
		};
		4931783B2B44591800975409 /* help readerTests */ = {
			isa = PBXGroup;
			children = (
				4931783C2B44591800975409 /* help_readerTests.swift */,
			);
			path = "help readerTests";
			sourceTree = "<group>";
		};
		495E58112A2DCBD200317548 /* Animations */ = {
			isa = PBXGroup;
			children = (
				495E58262A2F2C1C00317548 /* school-material-animabile.json */,
				495E58242A2F20B700317548 /* school-material.json */,
				495E58202A2F1E8E00317548 /* personal-books.json */,
				495E581E2A2DD19000317548 /* applauso.json */,
				495E58182A2DCF4B00317548 /* acquire.json */,
			);
			path = Animations;
			sourceTree = "<group>";
		};
		49A1722F2A0E3F97009D7838 = {
			isa = PBXGroup;
			children = (
				49A1723A2A0E3F97009D7838 /* help reader */,
				4931783B2B44591800975409 /* help readerTests */,
				49A172392A0E3F97009D7838 /* Products */,
			);
			sourceTree = "<group>";
		};
		49A172392A0E3F97009D7838 /* Products */ = {
			isa = PBXGroup;
			children = (
				49A172382A0E3F97009D7838 /* help reader.app */,
				4931783A2B44591800975409 /* help readerTests.xctest */,
			);
			name = Products;
			sourceTree = "<group>";
		};
		49A1723A2A0E3F97009D7838 /* help reader */ = {
			isa = PBXGroup;
			children = (
				4917CC572B3352B70045815F /* Utilities */,
				4917CC562B3351DD0045815F /* Models */,
				4917CC552B3351BF0045815F /* Views */,
				49D0FE662A2B178600B69F58 /* help-reader-Info.plist */,
				49A1723B2A0E3F97009D7838 /* help_readerApp.swift */,
				495E58302A2F324A00317548 /* AddMore.swift */,
				49A1723F2A0E3F99009D7838 /* Assets.xcassets */,
				49A172412A0E3F99009D7838 /* Preview Content */,
				49D0FE672A2B5FBF00B69F58 /* SF-Pro-Rounded-Bold.otf */,
				493178472B457B0400975409 /* Localizable.strings */,
			);
			path = "help reader";
			sourceTree = "<group>";
		};
		49A172412A0E3F99009D7838 /* Preview Content */ = {
			isa = PBXGroup;
			children = (
				49A172422A0E3F99009D7838 /* Preview Assets.xcassets */,
			);
			path = "Preview Content";
			sourceTree = "<group>";
		};
/* End PBXGroup section */

/* Begin PBXNativeTarget section */
		493178392B44591800975409 /* help readerTests */ = {
			isa = PBXNativeTarget;
			buildConfigurationList = 493178422B44591800975409 /* Build configuration list for PBXNativeTarget "help readerTests" */;
			buildPhases = (
				493178362B44591800975409 /* Sources */,
				493178372B44591800975409 /* Frameworks */,
				493178382B44591800975409 /* Resources */,
			);
			buildRules = (
			);
			dependencies = (
				4931783F2B44591800975409 /* PBXTargetDependency */,
			);
			name = "help readerTests";
			productName = "help readerTests";
			productReference = 4931783A2B44591800975409 /* help readerTests.xctest */;
			productType = "com.apple.product-type.bundle.unit-test";
		};
		49A172372A0E3F97009D7838 /* help reader */ = {
			isa = PBXNativeTarget;
			buildConfigurationList = 49A172462A0E3F99009D7838 /* Build configuration list for PBXNativeTarget "help reader" */;
			buildPhases = (
				49A172342A0E3F97009D7838 /* Sources */,
				49A172352A0E3F97009D7838 /* Frameworks */,
				49A172362A0E3F97009D7838 /* Resources */,
			);
			buildRules = (
			);
			dependencies = (
			);
			name = "help reader";
			packageProductDependencies = (
				495E580D2A2DC6F200317548 /* Lottie */,
			);
			productName = "help reader";
			productReference = 49A172382A0E3F97009D7838 /* help reader.app */;
			productType = "com.apple.product-type.application";
		};
/* End PBXNativeTarget section */

/* Begin PBXProject section */
		49A172302A0E3F97009D7838 /* Project object */ = {
			isa = PBXProject;
			attributes = {
				BuildIndependentTargetsInParallel = 1;
				LastSwiftUpdateCheck = 1500;
				LastUpgradeCheck = 1500;
				TargetAttributes = {
					493178392B44591800975409 = {
						CreatedOnToolsVersion = 15.0.1;
						TestTargetID = 49A172372A0E3F97009D7838;
					};
					49A172372A0E3F97009D7838 = {
						CreatedOnToolsVersion = 14.2;
					};
				};
			};
			buildConfigurationList = 49A172332A0E3F97009D7838 /* Build configuration list for PBXProject "help reader" */;
			compatibilityVersion = "Xcode 14.0";
			developmentRegion = en;
			hasScannedForEncodings = 0;
			knownRegions = (
				en,
				Base,
				"pt-BR",
				it,
			);
			mainGroup = 49A1722F2A0E3F97009D7838;
			packageReferences = (
				495E580C2A2DC6F200317548 /* XCRemoteSwiftPackageReference "lottie-ios" */,
			);
			productRefGroup = 49A172392A0E3F97009D7838 /* Products */;
			projectDirPath = "";
			projectRoot = "";
			targets = (
				49A172372A0E3F97009D7838 /* help reader */,
				493178392B44591800975409 /* help readerTests */,
			);
		};
/* End PBXProject section */

/* Begin PBXResourcesBuildPhase section */
		493178382B44591800975409 /* Resources */ = {
			isa = PBXResourcesBuildPhase;
			buildActionMask = 2147483647;
			files = (
			);
			runOnlyForDeploymentPostprocessing = 0;
		};
		49A172362A0E3F97009D7838 /* Resources */ = {
			isa = PBXResourcesBuildPhase;
			buildActionMask = 2147483647;
			files = (
				495E58272A2F2C1C00317548 /* school-material-animabile.json in Resources */,
				495E58252A2F20B700317548 /* school-material.json in Resources */,
				49D0FE682A2B5FBF00B69F58 /* SF-Pro-Rounded-Bold.otf in Resources */,
				495E581F2A2DD19000317548 /* applauso.json in Resources */,
				493178452B457B0400975409 /* Localizable.strings in Resources */,
				495E58192A2DCF4B00317548 /* acquire.json in Resources */,
				49A172432A0E3F99009D7838 /* Preview Assets.xcassets in Resources */,
				49A172402A0E3F99009D7838 /* Assets.xcassets in Resources */,
				495E58222A2F1E8E00317548 /* personal-books.json in Resources */,
			);
			runOnlyForDeploymentPostprocessing = 0;
		};
/* End PBXResourcesBuildPhase section */

/* Begin PBXSourcesBuildPhase section */
		493178362B44591800975409 /* Sources */ = {
			isa = PBXSourcesBuildPhase;
			buildActionMask = 2147483647;
			files = (
				4931783D2B44591800975409 /* help_readerTests.swift in Sources */,
			);
			runOnlyForDeploymentPostprocessing = 0;
		};
		49A172342A0E3F97009D7838 /* Sources */ = {
			isa = PBXSourcesBuildPhase;
			buildActionMask = 2147483647;
			files = (
				49A1723E2A0E3F97009D7838 /* MainView.swift in Sources */,
				495E582D2A2F31FF00317548 /* EnglishView.swift in Sources */,
				49D7EA172A39D1A600E44C49 /* ConvertedTextViewModel.swift in Sources */,
				495E58312A2F324A00317548 /* AddMore.swift in Sources */,
				4988A1AE2A1629EA000E049E /* HTMLView.swift in Sources */,
				49A1723C2A0E3F97009D7838 /* help_readerApp.swift in Sources */,
				49ED21562A24B8A500CB7B04 /* CameraScannerViewController.swift in Sources */,
				49D7F18B2A3321850046617F /* CongratsView.swift in Sources */,
				495E58102A2DC7CC00317548 /* LottieAnimations.swift in Sources */,
				495E58332A2F436200317548 /* ScanResultView.swift in Sources */,
				495E58292A2F30E900317548 /* ModalView.swift in Sources */,
				495E582B2A2F31D000317548 /* HistoryView.swift in Sources */,
				495E582F2A2F322900317548 /* ScienceView.swift in Sources */,
				49D7F1942A36FC750046617F /* ConvertedTextView.swift in Sources */,
				4988A1B22A249AA9000E049E /* MainViewModel.swift in Sources */,
				49ED21542A24B85400CB7B04 /* CameraScanner.swift in Sources */,
			);
			runOnlyForDeploymentPostprocessing = 0;
		};
/* End PBXSourcesBuildPhase section */

/* Begin PBXTargetDependency section */
		4931783F2B44591800975409 /* PBXTargetDependency */ = {
			isa = PBXTargetDependency;
			target = 49A172372A0E3F97009D7838 /* help reader */;
			targetProxy = 4931783E2B44591800975409 /* PBXContainerItemProxy */;
		};
/* End PBXTargetDependency section */

/* Begin PBXVariantGroup section */
		493178472B457B0400975409 /* Localizable.strings */ = {
			isa = PBXVariantGroup;
			children = (
				493178462B457B0400975409 /* en */,
				493178482B457B0800975409 /* pt-BR */,
				493178492B457BF900975409 /* it */,
			);
			name = Localizable.strings;
			sourceTree = "<group>";
		};
/* End PBXVariantGroup section */

/* Begin XCBuildConfiguration section */
		493178402B44591800975409 /* Debug */ = {
			isa = XCBuildConfiguration;
			buildSettings = {
				ASSETCATALOG_COMPILER_GENERATE_SWIFT_ASSET_SYMBOL_EXTENSIONS = YES;
				BUNDLE_LOADER = "$(TEST_HOST)";
				CODE_SIGN_STYLE = Automatic;
				CURRENT_PROJECT_VERSION = 1;
				DEVELOPMENT_TEAM = 6TP858ZLR2;
				GCC_C_LANGUAGE_STANDARD = gnu17;
				GENERATE_INFOPLIST_FILE = YES;
				IPHONEOS_DEPLOYMENT_TARGET = 17.0;
				LOCALIZATION_PREFERS_STRING_CATALOGS = YES;
				MARKETING_VERSION = 1.0;
				PRODUCT_BUNDLE_IDENTIFIER = "co.jonatas.help-reader.help-readerTests";
				PRODUCT_NAME = "$(TARGET_NAME)";
				SWIFT_ACTIVE_COMPILATION_CONDITIONS = "DEBUG $(inherited)";
				SWIFT_EMIT_LOC_STRINGS = NO;
				SWIFT_VERSION = 5.0;
				TARGETED_DEVICE_FAMILY = "1,2";
				TEST_HOST = "$(BUILT_PRODUCTS_DIR)/help reader.app/$(BUNDLE_EXECUTABLE_FOLDER_PATH)/help reader";
			};
			name = Debug;
		};
		493178412B44591800975409 /* Release */ = {
			isa = XCBuildConfiguration;
			buildSettings = {
				ASSETCATALOG_COMPILER_GENERATE_SWIFT_ASSET_SYMBOL_EXTENSIONS = YES;
				BUNDLE_LOADER = "$(TEST_HOST)";
				CODE_SIGN_STYLE = Automatic;
				CURRENT_PROJECT_VERSION = 1;
				DEVELOPMENT_TEAM = 6TP858ZLR2;
				GCC_C_LANGUAGE_STANDARD = gnu17;
				GENERATE_INFOPLIST_FILE = YES;
				IPHONEOS_DEPLOYMENT_TARGET = 17.0;
				LOCALIZATION_PREFERS_STRING_CATALOGS = YES;
				MARKETING_VERSION = 1.0;
				PRODUCT_BUNDLE_IDENTIFIER = "co.jonatas.help-reader.help-readerTests";
				PRODUCT_NAME = "$(TARGET_NAME)";
				SWIFT_EMIT_LOC_STRINGS = NO;
				SWIFT_VERSION = 5.0;
				TARGETED_DEVICE_FAMILY = "1,2";
				TEST_HOST = "$(BUILT_PRODUCTS_DIR)/help reader.app/$(BUNDLE_EXECUTABLE_FOLDER_PATH)/help reader";
			};
			name = Release;
		};
		49A172442A0E3F99009D7838 /* Debug */ = {
			isa = XCBuildConfiguration;
			buildSettings = {
				ALWAYS_SEARCH_USER_PATHS = NO;
				CLANG_ANALYZER_LOCALIZABILITY_NONLOCALIZED = YES;
				CLANG_ANALYZER_NONNULL = YES;
				CLANG_ANALYZER_NUMBER_OBJECT_CONVERSION = YES_AGGRESSIVE;
				CLANG_CXX_LANGUAGE_STANDARD = "gnu++20";
				CLANG_ENABLE_MODULES = YES;
				CLANG_ENABLE_OBJC_ARC = YES;
				CLANG_ENABLE_OBJC_WEAK = YES;
				CLANG_WARN_BLOCK_CAPTURE_AUTORELEASING = YES;
				CLANG_WARN_BOOL_CONVERSION = YES;
				CLANG_WARN_COMMA = YES;
				CLANG_WARN_CONSTANT_CONVERSION = YES;
				CLANG_WARN_DEPRECATED_OBJC_IMPLEMENTATIONS = YES;
				CLANG_WARN_DIRECT_OBJC_ISA_USAGE = YES_ERROR;
				CLANG_WARN_DOCUMENTATION_COMMENTS = YES;
				CLANG_WARN_EMPTY_BODY = YES;
				CLANG_WARN_ENUM_CONVERSION = YES;
				CLANG_WARN_INFINITE_RECURSION = YES;
				CLANG_WARN_INT_CONVERSION = YES;
				CLANG_WARN_NON_LITERAL_NULL_CONVERSION = YES;
				CLANG_WARN_OBJC_IMPLICIT_RETAIN_SELF = YES;
				CLANG_WARN_OBJC_LITERAL_CONVERSION = YES;
				CLANG_WARN_OBJC_ROOT_CLASS = YES_ERROR;
				CLANG_WARN_QUOTED_INCLUDE_IN_FRAMEWORK_HEADER = YES;
				CLANG_WARN_RANGE_LOOP_ANALYSIS = YES;
				CLANG_WARN_STRICT_PROTOTYPES = YES;
				CLANG_WARN_SUSPICIOUS_MOVE = YES;
				CLANG_WARN_UNGUARDED_AVAILABILITY = YES_AGGRESSIVE;
				CLANG_WARN_UNREACHABLE_CODE = YES;
				CLANG_WARN__DUPLICATE_METHOD_MATCH = YES;
				COPY_PHASE_STRIP = NO;
				DEBUG_INFORMATION_FORMAT = dwarf;
				ENABLE_STRICT_OBJC_MSGSEND = YES;
				ENABLE_TESTABILITY = YES;
				ENABLE_USER_SCRIPT_SANDBOXING = YES;
				GCC_C_LANGUAGE_STANDARD = gnu11;
				GCC_DYNAMIC_NO_PIC = NO;
				GCC_NO_COMMON_BLOCKS = YES;
				GCC_OPTIMIZATION_LEVEL = 0;
				GCC_PREPROCESSOR_DEFINITIONS = (
					"DEBUG=1",
					"$(inherited)",
				);
				GCC_WARN_64_TO_32_BIT_CONVERSION = YES;
				GCC_WARN_ABOUT_RETURN_TYPE = YES_ERROR;
				GCC_WARN_UNDECLARED_SELECTOR = YES;
				GCC_WARN_UNINITIALIZED_AUTOS = YES_AGGRESSIVE;
				GCC_WARN_UNUSED_FUNCTION = YES;
				GCC_WARN_UNUSED_VARIABLE = YES;
				IPHONEOS_DEPLOYMENT_TARGET = 16.0;
				MTL_ENABLE_DEBUG_INFO = INCLUDE_SOURCE;
				MTL_FAST_MATH = YES;
				ONLY_ACTIVE_ARCH = YES;
				SDKROOT = iphoneos;
				SWIFT_ACTIVE_COMPILATION_CONDITIONS = DEBUG;
				SWIFT_OPTIMIZATION_LEVEL = "-Onone";
			};
			name = Debug;
		};
		49A172452A0E3F99009D7838 /* Release */ = {
			isa = XCBuildConfiguration;
			buildSettings = {
				ALWAYS_SEARCH_USER_PATHS = NO;
				CLANG_ANALYZER_LOCALIZABILITY_NONLOCALIZED = YES;
				CLANG_ANALYZER_NONNULL = YES;
				CLANG_ANALYZER_NUMBER_OBJECT_CONVERSION = YES_AGGRESSIVE;
				CLANG_CXX_LANGUAGE_STANDARD = "gnu++20";
				CLANG_ENABLE_MODULES = YES;
				CLANG_ENABLE_OBJC_ARC = YES;
				CLANG_ENABLE_OBJC_WEAK = YES;
				CLANG_WARN_BLOCK_CAPTURE_AUTORELEASING = YES;
				CLANG_WARN_BOOL_CONVERSION = YES;
				CLANG_WARN_COMMA = YES;
				CLANG_WARN_CONSTANT_CONVERSION = YES;
				CLANG_WARN_DEPRECATED_OBJC_IMPLEMENTATIONS = YES;
				CLANG_WARN_DIRECT_OBJC_ISA_USAGE = YES_ERROR;
				CLANG_WARN_DOCUMENTATION_COMMENTS = YES;
				CLANG_WARN_EMPTY_BODY = YES;
				CLANG_WARN_ENUM_CONVERSION = YES;
				CLANG_WARN_INFINITE_RECURSION = YES;
				CLANG_WARN_INT_CONVERSION = YES;
				CLANG_WARN_NON_LITERAL_NULL_CONVERSION = YES;
				CLANG_WARN_OBJC_IMPLICIT_RETAIN_SELF = YES;
				CLANG_WARN_OBJC_LITERAL_CONVERSION = YES;
				CLANG_WARN_OBJC_ROOT_CLASS = YES_ERROR;
				CLANG_WARN_QUOTED_INCLUDE_IN_FRAMEWORK_HEADER = YES;
				CLANG_WARN_RANGE_LOOP_ANALYSIS = YES;
				CLANG_WARN_STRICT_PROTOTYPES = YES;
				CLANG_WARN_SUSPICIOUS_MOVE = YES;
				CLANG_WARN_UNGUARDED_AVAILABILITY = YES_AGGRESSIVE;
				CLANG_WARN_UNREACHABLE_CODE = YES;
				CLANG_WARN__DUPLICATE_METHOD_MATCH = YES;
				COPY_PHASE_STRIP = NO;
				DEBUG_INFORMATION_FORMAT = "dwarf-with-dsym";
				ENABLE_NS_ASSERTIONS = NO;
				ENABLE_STRICT_OBJC_MSGSEND = YES;
				ENABLE_USER_SCRIPT_SANDBOXING = YES;
				GCC_C_LANGUAGE_STANDARD = gnu11;
				GCC_NO_COMMON_BLOCKS = YES;
				GCC_WARN_64_TO_32_BIT_CONVERSION = YES;
				GCC_WARN_ABOUT_RETURN_TYPE = YES_ERROR;
				GCC_WARN_UNDECLARED_SELECTOR = YES;
				GCC_WARN_UNINITIALIZED_AUTOS = YES_AGGRESSIVE;
				GCC_WARN_UNUSED_FUNCTION = YES;
				GCC_WARN_UNUSED_VARIABLE = YES;
				IPHONEOS_DEPLOYMENT_TARGET = 16.0;
				MTL_ENABLE_DEBUG_INFO = NO;
				MTL_FAST_MATH = YES;
				SDKROOT = iphoneos;
				SWIFT_COMPILATION_MODE = wholemodule;
				SWIFT_OPTIMIZATION_LEVEL = "-O";
				VALIDATE_PRODUCT = YES;
			};
			name = Release;
		};
		49A172472A0E3F99009D7838 /* Debug */ = {
			isa = XCBuildConfiguration;
			buildSettings = {
				ASSETCATALOG_COMPILER_APPICON_NAME = AppIcon;
				ASSETCATALOG_COMPILER_GLOBAL_ACCENT_COLOR_NAME = AccentColor;
				CODE_SIGN_IDENTITY = "Apple Development";
				CODE_SIGN_STYLE = Automatic;
				CURRENT_PROJECT_VERSION = 1;
				DEVELOPMENT_ASSET_PATHS = "\"help reader/Preview Content\"";
				DEVELOPMENT_TEAM = 6TP858ZLR2;
				ENABLE_PREVIEWS = YES;
				GENERATE_INFOPLIST_FILE = YES;
				INFOPLIST_FILE = "help-reader-Info.plist";
				INFOPLIST_KEY_CFBundleDisplayName = RoaReading;
				INFOPLIST_KEY_LSApplicationCategoryType = "public.app-category.education";
				INFOPLIST_KEY_NSCameraUsageDescription = "Your camera is used to scan text";
				INFOPLIST_KEY_UIApplicationSceneManifest_Generation = YES;
				INFOPLIST_KEY_UIApplicationSupportsIndirectInputEvents = YES;
				INFOPLIST_KEY_UILaunchScreen_Generation = YES;
				INFOPLIST_KEY_UISupportedInterfaceOrientations_iPad = "UIInterfaceOrientationPortrait UIInterfaceOrientationPortraitUpsideDown";
				INFOPLIST_KEY_UISupportedInterfaceOrientations_iPhone = UIInterfaceOrientationPortrait;
				LD_RUNPATH_SEARCH_PATHS = (
					"$(inherited)",
					"@executable_path/Frameworks",
				);
				MARKETING_VERSION = 1.0;
				PRODUCT_BUNDLE_IDENTIFIER = "co.jonatas.help-reader";
				PRODUCT_NAME = "$(TARGET_NAME)";
				PROVISIONING_PROFILE_SPECIFIER = "";
				SUPPORTED_PLATFORMS = "iphoneos iphonesimulator";
				SUPPORTS_MACCATALYST = NO;
				SUPPORTS_MAC_DESIGNED_FOR_IPHONE_IPAD = YES;
				SWIFT_EMIT_LOC_STRINGS = YES;
				SWIFT_VERSION = 5.0;
				TARGETED_DEVICE_FAMILY = "1,2";
			};
			name = Debug;
		};
		49A172482A0E3F99009D7838 /* Release */ = {
			isa = XCBuildConfiguration;
			buildSettings = {
				ASSETCATALOG_COMPILER_APPICON_NAME = AppIcon;
				ASSETCATALOG_COMPILER_GLOBAL_ACCENT_COLOR_NAME = AccentColor;
				CODE_SIGN_IDENTITY = "Apple Development";
				CODE_SIGN_STYLE = Automatic;
				CURRENT_PROJECT_VERSION = 1;
				DEVELOPMENT_ASSET_PATHS = "\"help reader/Preview Content\"";
				DEVELOPMENT_TEAM = 6TP858ZLR2;
				ENABLE_PREVIEWS = YES;
				GENERATE_INFOPLIST_FILE = YES;
				INFOPLIST_FILE = "help-reader-Info.plist";
				INFOPLIST_KEY_CFBundleDisplayName = RoaReading;
				INFOPLIST_KEY_LSApplicationCategoryType = "public.app-category.education";
				INFOPLIST_KEY_NSCameraUsageDescription = "Your camera is used to scan text";
				INFOPLIST_KEY_UIApplicationSceneManifest_Generation = YES;
				INFOPLIST_KEY_UIApplicationSupportsIndirectInputEvents = YES;
				INFOPLIST_KEY_UILaunchScreen_Generation = YES;
				INFOPLIST_KEY_UISupportedInterfaceOrientations_iPad = "UIInterfaceOrientationPortrait UIInterfaceOrientationPortraitUpsideDown";
				INFOPLIST_KEY_UISupportedInterfaceOrientations_iPhone = UIInterfaceOrientationPortrait;
				LD_RUNPATH_SEARCH_PATHS = (
					"$(inherited)",
					"@executable_path/Frameworks",
				);
				MARKETING_VERSION = 1.0;
				PRODUCT_BUNDLE_IDENTIFIER = "co.jonatas.help-reader";
				PRODUCT_NAME = "$(TARGET_NAME)";
				PROVISIONING_PROFILE_SPECIFIER = "";
				SUPPORTED_PLATFORMS = "iphoneos iphonesimulator";
				SUPPORTS_MACCATALYST = NO;
				SUPPORTS_MAC_DESIGNED_FOR_IPHONE_IPAD = YES;
				SWIFT_EMIT_LOC_STRINGS = YES;
				SWIFT_VERSION = 5.0;
				TARGETED_DEVICE_FAMILY = "1,2";
			};
			name = Release;
		};
/* End XCBuildConfiguration section */

/* Begin XCConfigurationList section */
		493178422B44591800975409 /* Build configuration list for PBXNativeTarget "help readerTests" */ = {
			isa = XCConfigurationList;
			buildConfigurations = (
				493178402B44591800975409 /* Debug */,
				493178412B44591800975409 /* Release */,
			);
			defaultConfigurationIsVisible = 0;
			defaultConfigurationName = Release;
		};
		49A172332A0E3F97009D7838 /* Build configuration list for PBXProject "help reader" */ = {
			isa = XCConfigurationList;
			buildConfigurations = (
				49A172442A0E3F99009D7838 /* Debug */,
				49A172452A0E3F99009D7838 /* Release */,
			);
			defaultConfigurationIsVisible = 0;
			defaultConfigurationName = Release;
		};
		49A172462A0E3F99009D7838 /* Build configuration list for PBXNativeTarget "help reader" */ = {
			isa = XCConfigurationList;
			buildConfigurations = (
				49A172472A0E3F99009D7838 /* Debug */,
				49A172482A0E3F99009D7838 /* Release */,
			);
			defaultConfigurationIsVisible = 0;
			defaultConfigurationName = Release;
		};
/* End XCConfigurationList section */

/* Begin XCRemoteSwiftPackageReference section */
		495E580C2A2DC6F200317548 /* XCRemoteSwiftPackageReference "lottie-ios" */ = {
			isa = XCRemoteSwiftPackageReference;
			repositoryURL = "https://github.com/airbnb/lottie-ios";
			requirement = {
				kind = upToNextMajorVersion;
				minimumVersion = 4.0.0;
			};
		};
/* End XCRemoteSwiftPackageReference section */

/* Begin XCSwiftPackageProductDependency section */
		495E580D2A2DC6F200317548 /* Lottie */ = {
			isa = XCSwiftPackageProductDependency;
			package = 495E580C2A2DC6F200317548 /* XCRemoteSwiftPackageReference "lottie-ios" */;
			productName = Lottie;
		};
/* End XCSwiftPackageProductDependency section */
	};
	rootObject = 49A172302A0E3F97009D7838 /* Project object */;
}
